{
  "R": {
    "Version": "4.1.0",
    "Repositories": [
      {
        "Name": "CRAN",
        "URL": "https://cran.rstudio.com"
      }
    ]
  },
  "Packages": {
    "renv": {
      "Package": "renv",
      "Version": "0.14.0-3",
      "Source": "GitHub",
      "RemoteType": "github",
      "RemoteHost": "api.github.com",
      "RemoteRepo": "renv",
      "RemoteUsername": "rstudio",
      "RemotePkgRef": "rstudio/renv",
      "RemoteRef": "HEAD",
      "RemoteSha": "9344caf707ab31d7e6e64bc7c42215a052df19ad",
      "Hash": "680cddc004090822c1253dcaa4b2ff36"
    }
  }
}
